
Microsoft Visual Studio Solution File, Format Version 12.00
# Visual Studio Version 17
VisualStudioVersion = 17.11.35312.102
MinimumVisualStudioVersion = 10.0.40219.1
Project("{9A19103F-16F7-4668-BE54-9A1E7A4F7556}") = "TestEHandel", "TestEHandel\TestEHandel.csproj", "{7C5C50D1-DEA5-4A9C-AB37-EFB579956F68}"
EndProject
Global
	GlobalSection(SolutionConfigurationPlatforms) = preSolution
		Debug|Any CPU = Debug|Any CPU
		Release|Any CPU = Release|Any CPU
	EndGlobalSection
	GlobalSection(ProjectConfigurationPlatforms) = postSolution
		{7C5C50D1-DEA5-4A9C-AB37-EFB579956F68}.Debug|Any CPU.ActiveCfg = Debug|Any CPU
		{7C5C50D1-DEA5-4A9C-AB37-EFB579956F68}.Debug|Any CPU.Build.0 = Debug|Any CPU
		{7C5C50D1-DEA5-4A9C-AB37-EFB579956F68}.Release|Any CPU.ActiveCfg = Release|Any CPU
		{7C5C50D1-DEA5-4A9C-AB37-EFB579956F68}.Release|Any CPU.Build.0 = Release|Any CPU
	EndGlobalSection
	GlobalSection(SolutionProperties) = preSolution
		HideSolutionNode = FALSE
	EndGlobalSection
	GlobalSection(ExtensibilityGlobals) = postSolution
		SolutionGuid = {8F6E8968-49F5-46AB-9AE5-F4FD0DCAB442}
	EndGlobalSection
EndGlobal
